
Microsoft Visual Studio Solution File, Format Version 12.00
# Visual Studio Version 17
VisualStudioVersion = 17.4.33103.184
MinimumVisualStudioVersion = 10.0.40219.1
Project("{9A19103F-16F7-4668-BE54-9A1E7A4F7556}") = "AMK.Exp.Autofac", "AMK.Exp.Autofac\AMK.Exp.Autofac.csproj", "{DC36B795-3F99-460F-BC5A-9E6F23988933}"
EndProject
Project("{FAE04EC0-301F-11D3-BF4B-00C04F79EFBC}") = "AML.Exp.Autofac.Core", "AML.Exp.Autofac.Core\AML.Exp.Autofac.Core.csproj", "{E67E1941-DD26-490B-B8E1-3305AFAC3271}"
EndProject
Global
	GlobalSection(SolutionConfigurationPlatforms) = preSolution
		Debug|Any CPU = Debug|Any CPU
		Release|Any CPU = Release|Any CPU
	EndGlobalSection
	GlobalSection(ProjectConfigurationPlatforms) = postSolution
		{DC36B795-3F99-460F-BC5A-9E6F23988933}.Debug|Any CPU.ActiveCfg = Debug|Any CPU
		{DC36B795-3F99-460F-BC5A-9E6F23988933}.Debug|Any CPU.Build.0 = Debug|Any CPU
		{DC36B795-3F99-460F-BC5A-9E6F23988933}.Release|Any CPU.ActiveCfg = Release|Any CPU
		{DC36B795-3F99-460F-BC5A-9E6F23988933}.Release|Any CPU.Build.0 = Release|Any CPU
		{E67E1941-DD26-490B-B8E1-3305AFAC3271}.Debug|Any CPU.ActiveCfg = Debug|Any CPU
		{E67E1941-DD26-490B-B8E1-3305AFAC3271}.Debug|Any CPU.Build.0 = Debug|Any CPU
		{E67E1941-DD26-490B-B8E1-3305AFAC3271}.Release|Any CPU.ActiveCfg = Release|Any CPU
		{E67E1941-DD26-490B-B8E1-3305AFAC3271}.Release|Any CPU.Build.0 = Release|Any CPU
	EndGlobalSection
	GlobalSection(SolutionProperties) = preSolution
		HideSolutionNode = FALSE
	EndGlobalSection
	GlobalSection(ExtensibilityGlobals) = postSolution
		SolutionGuid = {36551CE5-1ACA-4E57-8A25-FDA99A2B5308}
	EndGlobalSection
EndGlobal
