
Microsoft Visual Studio Solution File, Format Version 12.00
# Visual Studio Version 17
VisualStudioVersion = 17.4.33103.184
MinimumVisualStudioVersion = 10.0.40219.1
Project("{9A19103F-16F7-4668-BE54-9A1E7A4F7556}") = "AMK.Exp.Autofac", "AMK.Exp.Autofac\AMK.Exp.Autofac.csproj", "{DC36B795-3F99-460F-BC5A-9E6F23988933}"
EndProject
Project("{9A19103F-16F7-4668-BE54-9A1E7A4F7556}") = "AML.Exp.Autofac.Core", "AML.Exp.Autofac.Core\AML.Exp.Autofac.Core.csproj", "{E67E1941-DD26-490B-B8E1-3305AFAC3271}"
EndProject
Project("{9A19103F-16F7-4668-BE54-9A1E7A4F7556}") = "WorkerService1", "WorkerService1\WorkerService1.csproj", "{6F578F63-0264-4854-9CEB-878B8C59BC6D}"
EndProject
Project("{9A19103F-16F7-4668-BE54-9A1E7A4F7556}") = "FluentValidations", "FluentValidations\FluentValidations.csproj", "{E7B3DD7A-9D4A-4E5D-A54B-71F9D0E3CA86}"
EndProject
Project("{9A19103F-16F7-4668-BE54-9A1E7A4F7556}") = "AutoFixtureExperiments", "AutoFixtureExperiments\AutoFixtureExperiments.csproj", "{4C1C2F51-9476-44EA-A1A6-BD8180B1B772}"
EndProject
Project("{9A19103F-16F7-4668-BE54-9A1E7A4F7556}") = "VirtualOverrideAndNewPolymorphism", "VirtualOverrideAndNewPolymorphism\VirtualOverrideAndNewPolymorphism.csproj", "{FED2A353-D259-41FA-983B-81AFACC5097D}"
EndProject
Project("{9A19103F-16F7-4668-BE54-9A1E7A4F7556}") = "Autofac.Example", "Autofac.Example\Autofac.Example.csproj", "{886405AE-F81F-4D2C-8CA8-DA3F5956D8ED}"
EndProject
Project("{9A19103F-16F7-4668-BE54-9A1E7A4F7556}") = "FluentAssertionsShouldly", "FluentAssertionsShouldly\FluentAssertionsShouldly.csproj", "{4370718A-CE0C-4B6F-B50C-03728703C320}"
EndProject
Project("{9A19103F-16F7-4668-BE54-9A1E7A4F7556}") = "WebApplicationExperiments", "WebApplicationExperiments\WebApplicationExperiments.csproj", "{45FC72F4-2C00-4DCE-88FC-0F9DD0589219}"
EndProject
Project("{2150E333-8FDC-42A3-9474-1A3956D46DE8}") = "InterviewQuestions", "InterviewQuestions", "{BAF106F7-E01D-4D23-8F62-ABC42DC42E26}"
	ProjectSection(SolutionItems) = preProject
		InterviewQuestions.md = InterviewQuestions.md
	EndProjectSection
EndProject
Project("{9A19103F-16F7-4668-BE54-9A1E7A4F7556}") = "DesignPatterns", "DesignPatterns\DesignPatterns.csproj", "{FDD9D1E8-AF81-47F1-9333-9FE302CB121A}"
EndProject
Project("{FAE04EC0-301F-11D3-BF4B-00C04F79EFBC}") = "dotnet6ccFluentValidation", "dotnet6ccFluentValidation\dotnet6ccFluentValidation.csproj", "{7C1C2A2F-BC89-4EF2-8905-78A86A527639}"
EndProject
Project("{FAE04EC0-301F-11D3-BF4B-00C04F79EFBC}") = "dotnet8ccFluentValidation", "dotnet8ccFluentValidation\dotnet8ccFluentValidation.csproj", "{ADBB75A5-C2B8-438A-B9E0-7A5C20A6F0BB}"
EndProject
Global
	GlobalSection(SolutionConfigurationPlatforms) = preSolution
		Debug|Any CPU = Debug|Any CPU
		Release|Any CPU = Release|Any CPU
	EndGlobalSection
	GlobalSection(ProjectConfigurationPlatforms) = postSolution
		{DC36B795-3F99-460F-BC5A-9E6F23988933}.Debug|Any CPU.ActiveCfg = Debug|Any CPU
		{DC36B795-3F99-460F-BC5A-9E6F23988933}.Debug|Any CPU.Build.0 = Debug|Any CPU
		{DC36B795-3F99-460F-BC5A-9E6F23988933}.Release|Any CPU.ActiveCfg = Release|Any CPU
		{DC36B795-3F99-460F-BC5A-9E6F23988933}.Release|Any CPU.Build.0 = Release|Any CPU
		{E67E1941-DD26-490B-B8E1-3305AFAC3271}.Debug|Any CPU.ActiveCfg = Debug|Any CPU
		{E67E1941-DD26-490B-B8E1-3305AFAC3271}.Debug|Any CPU.Build.0 = Debug|Any CPU
		{E67E1941-DD26-490B-B8E1-3305AFAC3271}.Release|Any CPU.ActiveCfg = Release|Any CPU
		{E67E1941-DD26-490B-B8E1-3305AFAC3271}.Release|Any CPU.Build.0 = Release|Any CPU
		{6F578F63-0264-4854-9CEB-878B8C59BC6D}.Debug|Any CPU.ActiveCfg = Debug|Any CPU
		{6F578F63-0264-4854-9CEB-878B8C59BC6D}.Debug|Any CPU.Build.0 = Debug|Any CPU
		{6F578F63-0264-4854-9CEB-878B8C59BC6D}.Release|Any CPU.ActiveCfg = Release|Any CPU
		{6F578F63-0264-4854-9CEB-878B8C59BC6D}.Release|Any CPU.Build.0 = Release|Any CPU
		{E7B3DD7A-9D4A-4E5D-A54B-71F9D0E3CA86}.Debug|Any CPU.ActiveCfg = Debug|Any CPU
		{E7B3DD7A-9D4A-4E5D-A54B-71F9D0E3CA86}.Debug|Any CPU.Build.0 = Debug|Any CPU
		{E7B3DD7A-9D4A-4E5D-A54B-71F9D0E3CA86}.Release|Any CPU.ActiveCfg = Release|Any CPU
		{E7B3DD7A-9D4A-4E5D-A54B-71F9D0E3CA86}.Release|Any CPU.Build.0 = Release|Any CPU
		{4C1C2F51-9476-44EA-A1A6-BD8180B1B772}.Debug|Any CPU.ActiveCfg = Debug|Any CPU
		{4C1C2F51-9476-44EA-A1A6-BD8180B1B772}.Debug|Any CPU.Build.0 = Debug|Any CPU
		{4C1C2F51-9476-44EA-A1A6-BD8180B1B772}.Release|Any CPU.ActiveCfg = Release|Any CPU
		{4C1C2F51-9476-44EA-A1A6-BD8180B1B772}.Release|Any CPU.Build.0 = Release|Any CPU
		{FED2A353-D259-41FA-983B-81AFACC5097D}.Debug|Any CPU.ActiveCfg = Debug|Any CPU
		{FED2A353-D259-41FA-983B-81AFACC5097D}.Debug|Any CPU.Build.0 = Debug|Any CPU
		{FED2A353-D259-41FA-983B-81AFACC5097D}.Release|Any CPU.ActiveCfg = Release|Any CPU
		{FED2A353-D259-41FA-983B-81AFACC5097D}.Release|Any CPU.Build.0 = Release|Any CPU
		{886405AE-F81F-4D2C-8CA8-DA3F5956D8ED}.Debug|Any CPU.ActiveCfg = Debug|Any CPU
		{886405AE-F81F-4D2C-8CA8-DA3F5956D8ED}.Debug|Any CPU.Build.0 = Debug|Any CPU
		{886405AE-F81F-4D2C-8CA8-DA3F5956D8ED}.Release|Any CPU.ActiveCfg = Release|Any CPU
		{886405AE-F81F-4D2C-8CA8-DA3F5956D8ED}.Release|Any CPU.Build.0 = Release|Any CPU
		{4370718A-CE0C-4B6F-B50C-03728703C320}.Debug|Any CPU.ActiveCfg = Debug|Any CPU
		{4370718A-CE0C-4B6F-B50C-03728703C320}.Debug|Any CPU.Build.0 = Debug|Any CPU
		{4370718A-CE0C-4B6F-B50C-03728703C320}.Release|Any CPU.ActiveCfg = Release|Any CPU
		{4370718A-CE0C-4B6F-B50C-03728703C320}.Release|Any CPU.Build.0 = Release|Any CPU
		{45FC72F4-2C00-4DCE-88FC-0F9DD0589219}.Debug|Any CPU.ActiveCfg = Debug|Any CPU
		{45FC72F4-2C00-4DCE-88FC-0F9DD0589219}.Debug|Any CPU.Build.0 = Debug|Any CPU
		{45FC72F4-2C00-4DCE-88FC-0F9DD0589219}.Release|Any CPU.ActiveCfg = Release|Any CPU
		{45FC72F4-2C00-4DCE-88FC-0F9DD0589219}.Release|Any CPU.Build.0 = Release|Any CPU
		{FDD9D1E8-AF81-47F1-9333-9FE302CB121A}.Debug|Any CPU.ActiveCfg = Debug|Any CPU
		{FDD9D1E8-AF81-47F1-9333-9FE302CB121A}.Debug|Any CPU.Build.0 = Debug|Any CPU
		{FDD9D1E8-AF81-47F1-9333-9FE302CB121A}.Release|Any CPU.ActiveCfg = Release|Any CPU
		{FDD9D1E8-AF81-47F1-9333-9FE302CB121A}.Release|Any CPU.Build.0 = Release|Any CPU
		{7C1C2A2F-BC89-4EF2-8905-78A86A527639}.Debug|Any CPU.ActiveCfg = Debug|Any CPU
		{7C1C2A2F-BC89-4EF2-8905-78A86A527639}.Debug|Any CPU.Build.0 = Debug|Any CPU
		{7C1C2A2F-BC89-4EF2-8905-78A86A527639}.Release|Any CPU.ActiveCfg = Release|Any CPU
		{7C1C2A2F-BC89-4EF2-8905-78A86A527639}.Release|Any CPU.Build.0 = Release|Any CPU
		{ADBB75A5-C2B8-438A-B9E0-7A5C20A6F0BB}.Debug|Any CPU.ActiveCfg = Debug|Any CPU
		{ADBB75A5-C2B8-438A-B9E0-7A5C20A6F0BB}.Debug|Any CPU.Build.0 = Debug|Any CPU
		{ADBB75A5-C2B8-438A-B9E0-7A5C20A6F0BB}.Release|Any CPU.ActiveCfg = Release|Any CPU
		{ADBB75A5-C2B8-438A-B9E0-7A5C20A6F0BB}.Release|Any CPU.Build.0 = Release|Any CPU
	EndGlobalSection
	GlobalSection(SolutionProperties) = preSolution
		HideSolutionNode = FALSE
	EndGlobalSection
	GlobalSection(ExtensibilityGlobals) = postSolution
		SolutionGuid = {36551CE5-1ACA-4E57-8A25-FDA99A2B5308}
	EndGlobalSection
EndGlobal
